// !$*UTF8*$!
{
	archiveVersion = 1;
	classes = {
	};
	objectVersion = 46;
	objects = {

/* Begin PBXAggregateTarget section */
		24416B8111C4CA220047AFDD /* Build & Test */ = {
			isa = PBXAggregateTarget;
			buildConfigurationList = 24416B8A11C4CA520047AFDD /* Build configuration list for PBXAggregateTarget "Build & Test" */;
			buildPhases = (
				24416B8011C4CA220047AFDD /* ShellScript */,
			);
			dependencies = (
				24416B8511C4CA280047AFDD /* PBXTargetDependency */,
			);
			name = "Build & Test";
			productName = "Build & test";
		};
/* End PBXAggregateTarget section */

/* Begin PBXBuildFile section */
		24DD6CF91134B3F500162E58 /* TiGaModule.h in Headers */ = {isa = PBXBuildFile; fileRef = 24DD6CF71134B3F500162E58 /* TiGaModule.h */; };
		24DD6CFA1134B3F500162E58 /* TiGaModule.m in Sources */ = {isa = PBXBuildFile; fileRef = 24DD6CF81134B3F500162E58 /* TiGaModule.m */; };
		24DE9E1111C5FE74003F90F6 /* TiGaModuleAssets.h in Headers */ = {isa = PBXBuildFile; fileRef = 24DE9E0F11C5FE74003F90F6 /* TiGaModuleAssets.h */; };
		24DE9E1211C5FE74003F90F6 /* TiGaModuleAssets.m in Sources */ = {isa = PBXBuildFile; fileRef = 24DE9E1011C5FE74003F90F6 /* TiGaModuleAssets.m */; };
		653B11D41F7CD04D00684159 /* TiGaDictionaryBuilderProxy.h in Headers */ = {isa = PBXBuildFile; fileRef = 653B11D21F7CD04D00684159 /* TiGaDictionaryBuilderProxy.h */; };
		653B11D51F7CD04D00684159 /* TiGaDictionaryBuilderProxy.m in Sources */ = {isa = PBXBuildFile; fileRef = 653B11D31F7CD04D00684159 /* TiGaDictionaryBuilderProxy.m */; };
		65740AAD1F70F14C00F8715F /* TiGaProductProxy.h in Headers */ = {isa = PBXBuildFile; fileRef = 65740AAB1F70F14C00F8715F /* TiGaProductProxy.h */; };
		65740AAE1F70F14C00F8715F /* TiGaProductProxy.m in Sources */ = {isa = PBXBuildFile; fileRef = 65740AAC1F70F14C00F8715F /* TiGaProductProxy.m */; };
		65740AB51F70F17300F8715F /* TiGaPromotionProxy.h in Headers */ = {isa = PBXBuildFile; fileRef = 65740AB31F70F17300F8715F /* TiGaPromotionProxy.h */; };
		65740AB61F70F17300F8715F /* TiGaPromotionProxy.m in Sources */ = {isa = PBXBuildFile; fileRef = 65740AB41F70F17300F8715F /* TiGaPromotionProxy.m */; };
		65740AB91F70F19500F8715F /* TiGaProductActionProxy.h in Headers */ = {isa = PBXBuildFile; fileRef = 65740AB71F70F19500F8715F /* TiGaProductActionProxy.h */; };
		65740ABA1F70F19500F8715F /* TiGaProductActionProxy.m in Sources */ = {isa = PBXBuildFile; fileRef = 65740AB81F70F19500F8715F /* TiGaProductActionProxy.m */; };
		AA747D9F0F9514B9006C5449 /* TiGa_Prefix.pch in Headers */ = {isa = PBXBuildFile; fileRef = AA747D9E0F9514B9006C5449 /* TiGa_Prefix.pch */; };
		AACBBE4A0F95108600F1A2B1 /* Foundation.framework in Frameworks */ = {isa = PBXBuildFile; fileRef = AACBBE490F95108600F1A2B1 /* Foundation.framework */; };
		CAC40B361A303DAC00DB11F7 /* CoreData.framework in Frameworks */ = {isa = PBXBuildFile; fileRef = CAC40B351A303DAC00DB11F7 /* CoreData.framework */; };
		CAC40B381A303DB700DB11F7 /* SystemConfiguration.framework in Frameworks */ = {isa = PBXBuildFile; fileRef = CAC40B371A303DB700DB11F7 /* SystemConfiguration.framework */; };
		CAD08C081A282DBF00F293BB /* GAI.h in Headers */ = {isa = PBXBuildFile; fileRef = CAD08BAD1A282DBE00F293BB /* GAI.h */; };
		CAD08C091A282DBF00F293BB /* GAIDictionaryBuilder.h in Headers */ = {isa = PBXBuildFile; fileRef = CAD08BAE1A282DBE00F293BB /* GAIDictionaryBuilder.h */; };
		CAD08C0A1A282DBF00F293BB /* GAIEcommerceFields.h in Headers */ = {isa = PBXBuildFile; fileRef = CAD08BAF1A282DBE00F293BB /* GAIEcommerceFields.h */; };
		CAD08C0B1A282DBF00F293BB /* GAIEcommerceProduct.h in Headers */ = {isa = PBXBuildFile; fileRef = CAD08BB01A282DBE00F293BB /* GAIEcommerceProduct.h */; };
		CAD08C0C1A282DBF00F293BB /* GAIEcommerceProductAction.h in Headers */ = {isa = PBXBuildFile; fileRef = CAD08BB11A282DBE00F293BB /* GAIEcommerceProductAction.h */; };
		CAD08C0D1A282DBF00F293BB /* GAIEcommercePromotion.h in Headers */ = {isa = PBXBuildFile; fileRef = CAD08BB21A282DBE00F293BB /* GAIEcommercePromotion.h */; };
		CAD08C0E1A282DBF00F293BB /* GAIFields.h in Headers */ = {isa = PBXBuildFile; fileRef = CAD08BB31A282DBE00F293BB /* GAIFields.h */; };
		CAD08C0F1A282DBF00F293BB /* GAILogger.h in Headers */ = {isa = PBXBuildFile; fileRef = CAD08BB41A282DBE00F293BB /* GAILogger.h */; };
		CAD08C101A282DBF00F293BB /* GAITrackedViewController.h in Headers */ = {isa = PBXBuildFile; fileRef = CAD08BB51A282DBE00F293BB /* GAITrackedViewController.h */; };
		CAD08C111A282DBF00F293BB /* GAITracker.h in Headers */ = {isa = PBXBuildFile; fileRef = CAD08BB61A282DBE00F293BB /* GAITracker.h */; };
		CAD08C2A1A282DBF00F293BB /* libGoogleAnalyticsServices.a in Frameworks */ = {isa = PBXBuildFile; fileRef = CAD08BFA1A282DBF00F293BB /* libGoogleAnalyticsServices.a */; };
		CAD08C371A282F1000F293BB /* TiGaTrackerProxy.h in Headers */ = {isa = PBXBuildFile; fileRef = CAD08C351A282F1000F293BB /* TiGaTrackerProxy.h */; };
		CAD08C381A282F1000F293BB /* TiGaTrackerProxy.m in Sources */ = {isa = PBXBuildFile; fileRef = CAD08C361A282F1000F293BB /* TiGaTrackerProxy.m */; };
/* End PBXBuildFile section */

/* Begin PBXContainerItemProxy section */
		24416B8411C4CA280047AFDD /* PBXContainerItemProxy */ = {
			isa = PBXContainerItemProxy;
			containerPortal = 0867D690FE84028FC02AAC07 /* Project object */;
			proxyType = 1;
			remoteGlobalIDString = D2AAC07D0554694100DB518D;
			remoteInfo = TiGA;
		};
/* End PBXContainerItemProxy section */

/* Begin PBXFileReference section */
		24DD6CF71134B3F500162E58 /* TiGaModule.h */ = {isa = PBXFileReference; fileEncoding = 4; lastKnownFileType = sourcecode.c.h; name = TiGaModule.h; path = Classes/TiGaModule.h; sourceTree = "<group>"; };
		24DD6CF81134B3F500162E58 /* TiGaModule.m */ = {isa = PBXFileReference; fileEncoding = 4; lastKnownFileType = sourcecode.c.objc; name = TiGaModule.m; path = Classes/TiGaModule.m; sourceTree = "<group>"; };
		24DD6D1B1134B66800162E58 /* titanium.xcconfig */ = {isa = PBXFileReference; fileEncoding = 4; lastKnownFileType = text.xcconfig; path = titanium.xcconfig; sourceTree = "<group>"; };
		24DE9E0F11C5FE74003F90F6 /* TiGaModuleAssets.h */ = {isa = PBXFileReference; fileEncoding = 4; lastKnownFileType = sourcecode.c.h; name = TiGaModuleAssets.h; path = Classes/TiGaModuleAssets.h; sourceTree = "<group>"; };
		24DE9E1011C5FE74003F90F6 /* TiGaModuleAssets.m */ = {isa = PBXFileReference; fileEncoding = 4; lastKnownFileType = sourcecode.c.objc; name = TiGaModuleAssets.m; path = Classes/TiGaModuleAssets.m; sourceTree = "<group>"; };
		653B11D21F7CD04D00684159 /* TiGaDictionaryBuilderProxy.h */ = {isa = PBXFileReference; fileEncoding = 4; lastKnownFileType = sourcecode.c.h; name = TiGaDictionaryBuilderProxy.h; path = Classes/TiGaDictionaryBuilderProxy.h; sourceTree = "<group>"; };
		653B11D31F7CD04D00684159 /* TiGaDictionaryBuilderProxy.m */ = {isa = PBXFileReference; fileEncoding = 4; lastKnownFileType = sourcecode.c.objc; name = TiGaDictionaryBuilderProxy.m; path = Classes/TiGaDictionaryBuilderProxy.m; sourceTree = "<group>"; };
		653B11D61F7CD39D00684159 /* TiGaModuleConstants.h */ = {isa = PBXFileReference; lastKnownFileType = sourcecode.c.h; name = TiGaModuleConstants.h; path = Classes/TiGaModuleConstants.h; sourceTree = "<group>"; };
		65740AAB1F70F14C00F8715F /* TiGaProductProxy.h */ = {isa = PBXFileReference; fileEncoding = 4; lastKnownFileType = sourcecode.c.h; name = TiGaProductProxy.h; path = Classes/Ecommerce/TiGaProductProxy.h; sourceTree = "<group>"; };
		65740AAC1F70F14C00F8715F /* TiGaProductProxy.m */ = {isa = PBXFileReference; fileEncoding = 4; lastKnownFileType = sourcecode.c.objc; name = TiGaProductProxy.m; path = Classes/Ecommerce/TiGaProductProxy.m; sourceTree = "<group>"; };
		65740AB31F70F17300F8715F /* TiGaPromotionProxy.h */ = {isa = PBXFileReference; fileEncoding = 4; lastKnownFileType = sourcecode.c.h; name = TiGaPromotionProxy.h; path = Classes/Ecommerce/TiGaPromotionProxy.h; sourceTree = "<group>"; };
		65740AB41F70F17300F8715F /* TiGaPromotionProxy.m */ = {isa = PBXFileReference; fileEncoding = 4; lastKnownFileType = sourcecode.c.objc; name = TiGaPromotionProxy.m; path = Classes/Ecommerce/TiGaPromotionProxy.m; sourceTree = "<group>"; };
		65740AB71F70F19500F8715F /* TiGaProductActionProxy.h */ = {isa = PBXFileReference; fileEncoding = 4; lastKnownFileType = sourcecode.c.h; name = TiGaProductActionProxy.h; path = Classes/Ecommerce/TiGaProductActionProxy.h; sourceTree = "<group>"; };
		65740AB81F70F19500F8715F /* TiGaProductActionProxy.m */ = {isa = PBXFileReference; fileEncoding = 4; lastKnownFileType = sourcecode.c.objc; name = TiGaProductActionProxy.m; path = Classes/Ecommerce/TiGaProductActionProxy.m; sourceTree = "<group>"; };
		AA747D9E0F9514B9006C5449 /* TiGa_Prefix.pch */ = {isa = PBXFileReference; fileEncoding = 4; lastKnownFileType = sourcecode.c.h; path = TiGa_Prefix.pch; sourceTree = SOURCE_ROOT; };
		AACBBE490F95108600F1A2B1 /* Foundation.framework */ = {isa = PBXFileReference; lastKnownFileType = wrapper.framework; name = Foundation.framework; path = System/Library/Frameworks/Foundation.framework; sourceTree = SDKROOT; };
		CAC40B351A303DAC00DB11F7 /* CoreData.framework */ = {isa = PBXFileReference; lastKnownFileType = wrapper.framework; name = CoreData.framework; path = System/Library/Frameworks/CoreData.framework; sourceTree = SDKROOT; };
		CAC40B371A303DB700DB11F7 /* SystemConfiguration.framework */ = {isa = PBXFileReference; lastKnownFileType = wrapper.framework; name = SystemConfiguration.framework; path = System/Library/Frameworks/SystemConfiguration.framework; sourceTree = SDKROOT; };
		CAD08B811A282DBE00F293BB /* Changelog.txt */ = {isa = PBXFileReference; fileEncoding = 4; lastKnownFileType = text; path = Changelog.txt; sourceTree = "<group>"; };
		CAD08BAD1A282DBE00F293BB /* GAI.h */ = {isa = PBXFileReference; fileEncoding = 4; lastKnownFileType = sourcecode.c.h; name = GAI.h; path = Library/GAI.h; sourceTree = "<group>"; };
		CAD08BAE1A282DBE00F293BB /* GAIDictionaryBuilder.h */ = {isa = PBXFileReference; fileEncoding = 4; lastKnownFileType = sourcecode.c.h; name = GAIDictionaryBuilder.h; path = Library/GAIDictionaryBuilder.h; sourceTree = "<group>"; };
		CAD08BAF1A282DBE00F293BB /* GAIEcommerceFields.h */ = {isa = PBXFileReference; fileEncoding = 4; lastKnownFileType = sourcecode.c.h; name = GAIEcommerceFields.h; path = Library/GAIEcommerceFields.h; sourceTree = "<group>"; };
		CAD08BB01A282DBE00F293BB /* GAIEcommerceProduct.h */ = {isa = PBXFileReference; fileEncoding = 4; lastKnownFileType = sourcecode.c.h; name = GAIEcommerceProduct.h; path = Library/GAIEcommerceProduct.h; sourceTree = "<group>"; };
		CAD08BB11A282DBE00F293BB /* GAIEcommerceProductAction.h */ = {isa = PBXFileReference; fileEncoding = 4; lastKnownFileType = sourcecode.c.h; name = GAIEcommerceProductAction.h; path = Library/GAIEcommerceProductAction.h; sourceTree = "<group>"; };
		CAD08BB21A282DBE00F293BB /* GAIEcommercePromotion.h */ = {isa = PBXFileReference; fileEncoding = 4; lastKnownFileType = sourcecode.c.h; name = GAIEcommercePromotion.h; path = Library/GAIEcommercePromotion.h; sourceTree = "<group>"; };
		CAD08BB31A282DBE00F293BB /* GAIFields.h */ = {isa = PBXFileReference; fileEncoding = 4; lastKnownFileType = sourcecode.c.h; name = GAIFields.h; path = Library/GAIFields.h; sourceTree = "<group>"; };
		CAD08BB41A282DBE00F293BB /* GAILogger.h */ = {isa = PBXFileReference; fileEncoding = 4; lastKnownFileType = sourcecode.c.h; name = GAILogger.h; path = Library/GAILogger.h; sourceTree = "<group>"; };
		CAD08BB51A282DBE00F293BB /* GAITrackedViewController.h */ = {isa = PBXFileReference; fileEncoding = 4; lastKnownFileType = sourcecode.c.h; name = GAITrackedViewController.h; path = Library/GAITrackedViewController.h; sourceTree = "<group>"; };
		CAD08BB61A282DBE00F293BB /* GAITracker.h */ = {isa = PBXFileReference; fileEncoding = 4; lastKnownFileType = sourcecode.c.h; name = GAITracker.h; path = Library/GAITracker.h; sourceTree = "<group>"; };
		CAD08BB71A282DBE00F293BB /* Readme.txt */ = {isa = PBXFileReference; fileEncoding = 4; lastKnownFileType = text; path = Readme.txt; sourceTree = "<group>"; };
		CAD08BFA1A282DBF00F293BB /* libGoogleAnalyticsServices.a */ = {isa = PBXFileReference; lastKnownFileType = archive.ar; path = libGoogleAnalyticsServices.a; sourceTree = "<group>"; };
		CAD08BFB1A282DBF00F293BB /* Readme.txt */ = {isa = PBXFileReference; fileEncoding = 4; lastKnownFileType = text; path = Readme.txt; sourceTree = "<group>"; };
		CAD08C351A282F1000F293BB /* TiGaTrackerProxy.h */ = {isa = PBXFileReference; fileEncoding = 4; lastKnownFileType = sourcecode.c.h; name = TiGaTrackerProxy.h; path = Classes/TiGaTrackerProxy.h; sourceTree = "<group>"; };
		CAD08C361A282F1000F293BB /* TiGaTrackerProxy.m */ = {isa = PBXFileReference; fileEncoding = 4; lastKnownFileType = sourcecode.c.objc; name = TiGaTrackerProxy.m; path = Classes/TiGaTrackerProxy.m; sourceTree = "<group>"; };
		D2AAC07E0554694100DB518D /* libTiGa.a */ = {isa = PBXFileReference; explicitFileType = archive.ar; includeInIndex = 0; path = libTiGa.a; sourceTree = BUILT_PRODUCTS_DIR; };
/* End PBXFileReference section */

/* Begin PBXFrameworksBuildPhase section */
		D2AAC07C0554694100DB518D /* Frameworks */ = {
			isa = PBXFrameworksBuildPhase;
			buildActionMask = 2147483647;
			files = (
				CAC40B381A303DB700DB11F7 /* SystemConfiguration.framework in Frameworks */,
				CAC40B361A303DAC00DB11F7 /* CoreData.framework in Frameworks */,
				AACBBE4A0F95108600F1A2B1 /* Foundation.framework in Frameworks */,
				CAD08C2A1A282DBF00F293BB /* libGoogleAnalyticsServices.a in Frameworks */,
			);
			runOnlyForDeploymentPostprocessing = 0;
		};
/* End PBXFrameworksBuildPhase section */

/* Begin PBXGroup section */
		034768DFFF38A50411DB9C8B /* Products */ = {
			isa = PBXGroup;
			children = (
				D2AAC07E0554694100DB518D /* libTiGa.a */,
			);
			name = Products;
			sourceTree = "<group>";
		};
		0867D691FE84028FC02AAC07 /* TiGA */ = {
			isa = PBXGroup;
			children = (
				CAD08B7F1A282DBE00F293BB /* GALib */,
				08FB77AEFE84172EC02AAC07 /* Classes */,
				32C88DFF0371C24200C91783 /* Other Sources */,
				0867D69AFE84028FC02AAC07 /* Frameworks */,
				034768DFFF38A50411DB9C8B /* Products */,
			);
			name = TiGA;
			sourceTree = "<group>";
		};
		0867D69AFE84028FC02AAC07 /* Frameworks */ = {
			isa = PBXGroup;
			children = (
				CAC40B371A303DB700DB11F7 /* SystemConfiguration.framework */,
				CAC40B351A303DAC00DB11F7 /* CoreData.framework */,
				AACBBE490F95108600F1A2B1 /* Foundation.framework */,
			);
			name = Frameworks;
			sourceTree = "<group>";
		};
		08FB77AEFE84172EC02AAC07 /* Classes */ = {
			isa = PBXGroup;
			children = (
				65740AAA1F70F12400F8715F /* Ecommerce */,
				653B11D21F7CD04D00684159 /* TiGaDictionaryBuilderProxy.h */,
				653B11D31F7CD04D00684159 /* TiGaDictionaryBuilderProxy.m */,
				CAD08C351A282F1000F293BB /* TiGaTrackerProxy.h */,
				CAD08C361A282F1000F293BB /* TiGaTrackerProxy.m */,
				24DE9E0F11C5FE74003F90F6 /* TiGaModuleAssets.h */,
				24DE9E1011C5FE74003F90F6 /* TiGaModuleAssets.m */,
				24DD6CF71134B3F500162E58 /* TiGaModule.h */,
				24DD6CF81134B3F500162E58 /* TiGaModule.m */,
				653B11D61F7CD39D00684159 /* TiGaModuleConstants.h */,
			);
			name = Classes;
			sourceTree = "<group>";
		};
		32C88DFF0371C24200C91783 /* Other Sources */ = {
			isa = PBXGroup;
			children = (
				AA747D9E0F9514B9006C5449 /* TiGa_Prefix.pch */,
				24DD6D1B1134B66800162E58 /* titanium.xcconfig */,
			);
			name = "Other Sources";
			sourceTree = "<group>";
		};
		65740AAA1F70F12400F8715F /* Ecommerce */ = {
			isa = PBXGroup;
			children = (
				65740AAB1F70F14C00F8715F /* TiGaProductProxy.h */,
				65740AAC1F70F14C00F8715F /* TiGaProductProxy.m */,
				65740AB71F70F19500F8715F /* TiGaProductActionProxy.h */,
				65740AB81F70F19500F8715F /* TiGaProductActionProxy.m */,
				65740AB31F70F17300F8715F /* TiGaPromotionProxy.h */,
				65740AB41F70F17300F8715F /* TiGaPromotionProxy.m */,
			);
			name = Ecommerce;
			sourceTree = "<group>";
		};
		CAD08B7F1A282DBE00F293BB /* GALib */ = {
			isa = PBXGroup;
			children = (
				CAD08B801A282DBE00F293BB /* GoogleAnalytics */,
				CAD08BFA1A282DBF00F293BB /* libGoogleAnalyticsServices.a */,
				CAD08BFB1A282DBF00F293BB /* Readme.txt */,
			);
			path = GALib;
			sourceTree = "<group>";
		};
		CAD08B801A282DBE00F293BB /* GoogleAnalytics */ = {
			isa = PBXGroup;
			children = (
				CAD08BAD1A282DBE00F293BB /* GAI.h */,
				CAD08BAE1A282DBE00F293BB /* GAIDictionaryBuilder.h */,
				CAD08BAF1A282DBE00F293BB /* GAIEcommerceFields.h */,
				CAD08BB01A282DBE00F293BB /* GAIEcommerceProduct.h */,
				CAD08BB11A282DBE00F293BB /* GAIEcommerceProductAction.h */,
				CAD08BB21A282DBE00F293BB /* GAIEcommercePromotion.h */,
				CAD08BB31A282DBE00F293BB /* GAIFields.h */,
				CAD08BB41A282DBE00F293BB /* GAILogger.h */,
				CAD08BB51A282DBE00F293BB /* GAITrackedViewController.h */,
				CAD08BB61A282DBE00F293BB /* GAITracker.h */,
				CAD08B811A282DBE00F293BB /* Changelog.txt */,
				CAD08BB71A282DBE00F293BB /* Readme.txt */,
			);
			path = GoogleAnalytics;
			sourceTree = "<group>";
		};
/* End PBXGroup section */

/* Begin PBXHeadersBuildPhase section */
		D2AAC07A0554694100DB518D /* Headers */ = {
			isa = PBXHeadersBuildPhase;
			buildActionMask = 2147483647;
			files = (
				CAD08C371A282F1000F293BB /* TiGaTrackerProxy.h in Headers */,
				AA747D9F0F9514B9006C5449 /* TiGa_Prefix.pch in Headers */,
				CAD08C0D1A282DBF00F293BB /* GAIEcommercePromotion.h in Headers */,
				CAD08C081A282DBF00F293BB /* GAI.h in Headers */,
				653B11D41F7CD04D00684159 /* TiGaDictionaryBuilderProxy.h in Headers */,
				CAD08C111A282DBF00F293BB /* GAITracker.h in Headers */,
				65740AAD1F70F14C00F8715F /* TiGaProductProxy.h in Headers */,
				65740AB91F70F19500F8715F /* TiGaProductActionProxy.h in Headers */,
				24DD6CF91134B3F500162E58 /* TiGaModule.h in Headers */,
				24DE9E1111C5FE74003F90F6 /* TiGaModuleAssets.h in Headers */,
				65740AB51F70F17300F8715F /* TiGaPromotionProxy.h in Headers */,
				CAD08C0F1A282DBF00F293BB /* GAILogger.h in Headers */,
				CAD08C0E1A282DBF00F293BB /* GAIFields.h in Headers */,
				CAD08C091A282DBF00F293BB /* GAIDictionaryBuilder.h in Headers */,
				CAD08C0C1A282DBF00F293BB /* GAIEcommerceProductAction.h in Headers */,
				CAD08C101A282DBF00F293BB /* GAITrackedViewController.h in Headers */,
				CAD08C0A1A282DBF00F293BB /* GAIEcommerceFields.h in Headers */,
				CAD08C0B1A282DBF00F293BB /* GAIEcommerceProduct.h in Headers */,
			);
			runOnlyForDeploymentPostprocessing = 0;
		};
/* End PBXHeadersBuildPhase section */

/* Begin PBXNativeTarget section */
		D2AAC07D0554694100DB518D /* TiGA */ = {
			isa = PBXNativeTarget;
			buildConfigurationList = 1DEB921E08733DC00010E9CD /* Build configuration list for PBXNativeTarget "TiGA" */;
			buildPhases = (
				D2AAC07A0554694100DB518D /* Headers */,
				D2AAC07B0554694100DB518D /* Sources */,
				D2AAC07C0554694100DB518D /* Frameworks */,
			);
			buildRules = (
			);
			dependencies = (
			);
			name = TiGA;
			productName = TiGA;
			productReference = D2AAC07E0554694100DB518D /* libTiGa.a */;
			productType = "com.apple.product-type.library.static";
		};
/* End PBXNativeTarget section */

/* Begin PBXProject section */
		0867D690FE84028FC02AAC07 /* Project object */ = {
			isa = PBXProject;
			attributes = {
				LastUpgradeCheck = 0810;
			};
			buildConfigurationList = 1DEB922208733DC00010E9CD /* Build configuration list for PBXProject "TiGA" */;
			compatibilityVersion = "Xcode 3.2";
			developmentRegion = English;
			hasScannedForEncodings = 1;
			knownRegions = (
				English,
				Japanese,
				French,
				German,
			);
			mainGroup = 0867D691FE84028FC02AAC07 /* TiGA */;
			productRefGroup = 034768DFFF38A50411DB9C8B /* Products */;
			projectDirPath = "";
			projectRoot = "";
			targets = (
				D2AAC07D0554694100DB518D /* TiGA */,
				24416B8111C4CA220047AFDD /* Build & Test */,
			);
		};
/* End PBXProject section */

/* Begin PBXShellScriptBuildPhase section */
		24416B8011C4CA220047AFDD /* ShellScript */ = {
			isa = PBXShellScriptBuildPhase;
			buildActionMask = 2147483647;
			files = (
			);
			inputPaths = (
			);
			outputPaths = (
			);
			runOnlyForDeploymentPostprocessing = 0;
			shellPath = /bin/sh;
			shellScript = "# shell script goes here\n\npython \"${TITANIUM_SDK}/titanium.py\" run --dir=\"${PROJECT_DIR}\"\nexit $?\n";
		};
/* End PBXShellScriptBuildPhase section */

/* Begin PBXSourcesBuildPhase section */
		D2AAC07B0554694100DB518D /* Sources */ = {
			isa = PBXSourcesBuildPhase;
			buildActionMask = 2147483647;
			files = (
				24DD6CFA1134B3F500162E58 /* TiGaModule.m in Sources */,
				65740AAE1F70F14C00F8715F /* TiGaProductProxy.m in Sources */,
				CAD08C381A282F1000F293BB /* TiGaTrackerProxy.m in Sources */,
				65740ABA1F70F19500F8715F /* TiGaProductActionProxy.m in Sources */,
				653B11D51F7CD04D00684159 /* TiGaDictionaryBuilderProxy.m in Sources */,
				24DE9E1211C5FE74003F90F6 /* TiGaModuleAssets.m in Sources */,
				65740AB61F70F17300F8715F /* TiGaPromotionProxy.m in Sources */,
			);
			runOnlyForDeploymentPostprocessing = 0;
		};
/* End PBXSourcesBuildPhase section */

/* Begin PBXTargetDependency section */
		24416B8511C4CA280047AFDD /* PBXTargetDependency */ = {
			isa = PBXTargetDependency;
			target = D2AAC07D0554694100DB518D /* TiGA */;
			targetProxy = 24416B8411C4CA280047AFDD /* PBXContainerItemProxy */;
		};
/* End PBXTargetDependency section */

/* Begin XCBuildConfiguration section */
		1DEB921F08733DC00010E9CD /* Debug */ = {
			isa = XCBuildConfiguration;
			baseConfigurationReference = 24DD6D1B1134B66800162E58 /* titanium.xcconfig */;
			buildSettings = {
				"ARCHS[sdk=*]" = "$(ARCHS_STANDARD)";
				"ARCHS[sdk=iphonesimulator8.1]" = "$(ARCHS_STANDARD)";
				CLANG_ENABLE_OBJC_ARC = YES;
				CODE_SIGN_IDENTITY = "iPhone Developer";
				"CODE_SIGN_IDENTITY[sdk=iphoneos*]" = "iPhone Developer";
				DSTROOT = /tmp/TiGa.dst;
				GCC_C_LANGUAGE_STANDARD = c99;
				GCC_OPTIMIZATION_LEVEL = 0;
				GCC_PRECOMPILE_PREFIX_HEADER = YES;
				GCC_PREFIX_HEADER = TiGa_Prefix.pch;
				GCC_PREPROCESSOR_DEFINITIONS = "TI_VERSION=$(TI_VERSION)";
				GCC_TREAT_WARNINGS_AS_ERRORS = NO;
				GCC_VERSION = "";
				GCC_WARN_ABOUT_RETURN_TYPE = NO;
				GCC_WARN_MISSING_PARENTHESES = NO;
				GCC_WARN_SHADOW = NO;
				GCC_WARN_STRICT_SELECTOR_MATCH = NO;
				GCC_WARN_UNUSED_FUNCTION = YES;
				GCC_WARN_UNUSED_PARAMETER = NO;
				GCC_WARN_UNUSED_VALUE = NO;
				GCC_WARN_UNUSED_VARIABLE = NO;
				INSTALL_PATH = /usr/local/lib;
				IPHONEOS_DEPLOYMENT_TARGET = 8.0;
				LIBRARY_SEARCH_PATHS = "$(PROJECT_DIR)/GALib";
				OTHER_CFLAGS = (
					"-DDEBUG",
					"-DTI_POST_1_2",
				);
				OTHER_LDFLAGS = "-ObjC";
				PRODUCT_NAME = TiGa;
				PROVISIONING_PROFILE = "";
				"PROVISIONING_PROFILE[sdk=iphoneos*]" = "";
				RUN_CLANG_STATIC_ANALYZER = NO;
				SDKROOT = iphoneos;
				USER_HEADER_SEARCH_PATHS = "";
				VALID_ARCHS = "$(ARCHS_STANDARD)";
			};
			name = Debug;
		};
		1DEB922008733DC00010E9CD /* Release */ = {
			isa = XCBuildConfiguration;
			baseConfigurationReference = 24DD6D1B1134B66800162E58 /* titanium.xcconfig */;
			buildSettings = {
				ALWAYS_SEARCH_USER_PATHS = NO;
				"ARCHS[sdk=*]" = "$(ARCHS_STANDARD)";
				"ARCHS[sdk=iphonesimulator*]" = "$(ARCHS_STANDARD)";
				CLANG_ENABLE_OBJC_ARC = YES;
				DSTROOT = /tmp/TiGa.dst;
				GCC_C_LANGUAGE_STANDARD = c99;
				GCC_MODEL_TUNING = G5;
				GCC_PRECOMPILE_PREFIX_HEADER = YES;
				GCC_PREFIX_HEADER = TiGa_Prefix.pch;
				GCC_PREPROCESSOR_DEFINITIONS = "TI_VERSION=$(TI_VERSION)";
				GCC_TREAT_WARNINGS_AS_ERRORS = NO;
				GCC_VERSION = "";
				GCC_WARN_ABOUT_RETURN_TYPE = NO;
				GCC_WARN_MISSING_PARENTHESES = NO;
				GCC_WARN_SHADOW = NO;
				GCC_WARN_STRICT_SELECTOR_MATCH = NO;
				GCC_WARN_UNUSED_FUNCTION = YES;
				GCC_WARN_UNUSED_PARAMETER = NO;
				GCC_WARN_UNUSED_VALUE = NO;
				GCC_WARN_UNUSED_VARIABLE = NO;
				INSTALL_PATH = /usr/local/lib;
				IPHONEOS_DEPLOYMENT_TARGET = 8.0;
				LIBRARY_SEARCH_PATHS = "$(PROJECT_DIR)/GALib";
				OTHER_CFLAGS = "-DTI_POST_1_2";
				OTHER_LDFLAGS = "-ObjC";
				PRODUCT_NAME = TiGa;
				RUN_CLANG_STATIC_ANALYZER = NO;
				SDKROOT = iphoneos;
				USER_HEADER_SEARCH_PATHS = "";
				VALID_ARCHS = "$(ARCHS_STANDARD)";
			};
			name = Release;
		};
		1DEB922308733DC00010E9CD /* Debug */ = {
			isa = XCBuildConfiguration;
			baseConfigurationReference = 24DD6D1B1134B66800162E58 /* titanium.xcconfig */;
			buildSettings = {
				CLANG_ANALYZER_LOCALIZABILITY_NONLOCALIZED = YES;
				CLANG_CXX_LIBRARY = "compiler-default";
				CLANG_WARN_BOOL_CONVERSION = YES;
				CLANG_WARN_CONSTANT_CONVERSION = YES;
				CLANG_WARN_EMPTY_BODY = YES;
				CLANG_WARN_ENUM_CONVERSION = YES;
				CLANG_WARN_INFINITE_RECURSION = YES;
				CLANG_WARN_INT_CONVERSION = YES;
				CLANG_WARN_SUSPICIOUS_MOVE = YES;
				CLANG_WARN_UNREACHABLE_CODE = YES;
				CLANG_WARN__DUPLICATE_METHOD_MATCH = YES;
				CODE_SIGN_IDENTITY = "iPhone Developer";
				"CODE_SIGN_IDENTITY[sdk=iphoneos*]" = "iPhone Developer";
				DSTROOT = /tmp/TiGa.dst;
				ENABLE_STRICT_OBJC_MSGSEND = YES;
				ENABLE_TESTABILITY = YES;
				GCC_C_LANGUAGE_STANDARD = c99;
				GCC_NO_COMMON_BLOCKS = YES;
				GCC_OPTIMIZATION_LEVEL = 0;
				GCC_PRECOMPILE_PREFIX_HEADER = YES;
				GCC_PREFIX_HEADER = TiGa_Prefix.pch;
				GCC_PREPROCESSOR_DEFINITIONS = "TI_VERSION=$(TI_VERSION)";
				GCC_TREAT_WARNINGS_AS_ERRORS = NO;
				GCC_VERSION = "";
				GCC_WARN_64_TO_32_BIT_CONVERSION = YES;
				GCC_WARN_ABOUT_RETURN_TYPE = NO;
				GCC_WARN_MISSING_PARENTHESES = NO;
				GCC_WARN_SHADOW = NO;
				GCC_WARN_STRICT_SELECTOR_MATCH = NO;
				GCC_WARN_UNDECLARED_SELECTOR = YES;
				GCC_WARN_UNINITIALIZED_AUTOS = YES;
				GCC_WARN_UNUSED_FUNCTION = YES;
				GCC_WARN_UNUSED_PARAMETER = NO;
				GCC_WARN_UNUSED_VALUE = NO;
				GCC_WARN_UNUSED_VARIABLE = NO;
				INSTALL_PATH = /usr/local/lib;
				IPHONEOS_DEPLOYMENT_TARGET = 8.0;
				ONLY_ACTIVE_ARCH = YES;
				OTHER_CFLAGS = (
					"-DDEBUG",
					"-DTI_POST_1_2",
				);
				OTHER_LDFLAGS = "-ObjC";
				PRODUCT_NAME = TiGa;
				PROVISIONING_PROFILE = "";
				"PROVISIONING_PROFILE[sdk=iphoneos*]" = "";
				RUN_CLANG_STATIC_ANALYZER = NO;
				SDKROOT = iphoneos;
				USER_HEADER_SEARCH_PATHS = "";
			};
			name = Debug;
		};
		1DEB922408733DC00010E9CD /* Release */ = {
			isa = XCBuildConfiguration;
			baseConfigurationReference = 24DD6D1B1134B66800162E58 /* titanium.xcconfig */;
			buildSettings = {
				ALWAYS_SEARCH_USER_PATHS = NO;
				CLANG_ANALYZER_LOCALIZABILITY_NONLOCALIZED = YES;
				CLANG_CXX_LIBRARY = "compiler-default";
				CLANG_WARN_BOOL_CONVERSION = YES;
				CLANG_WARN_CONSTANT_CONVERSION = YES;
				CLANG_WARN_EMPTY_BODY = YES;
				CLANG_WARN_ENUM_CONVERSION = YES;
				CLANG_WARN_INFINITE_RECURSION = YES;
				CLANG_WARN_INT_CONVERSION = YES;
				CLANG_WARN_SUSPICIOUS_MOVE = YES;
				CLANG_WARN_UNREACHABLE_CODE = YES;
				CLANG_WARN__DUPLICATE_METHOD_MATCH = YES;
				DSTROOT = /tmp/TiGa.dst;
				ENABLE_STRICT_OBJC_MSGSEND = YES;
				GCC_C_LANGUAGE_STANDARD = c99;
				GCC_MODEL_TUNING = G5;
				GCC_NO_COMMON_BLOCKS = YES;
				GCC_PRECOMPILE_PREFIX_HEADER = YES;
				GCC_PREFIX_HEADER = TiGa_Prefix.pch;
				GCC_PREPROCESSOR_DEFINITIONS = "TI_VERSION=$(TI_VERSION)";
				GCC_TREAT_WARNINGS_AS_ERRORS = NO;
				GCC_VERSION = "";
				GCC_WARN_64_TO_32_BIT_CONVERSION = YES;
				GCC_WARN_ABOUT_RETURN_TYPE = NO;
				GCC_WARN_MISSING_PARENTHESES = NO;
				GCC_WARN_SHADOW = NO;
				GCC_WARN_STRICT_SELECTOR_MATCH = NO;
				GCC_WARN_UNDECLARED_SELECTOR = YES;
				GCC_WARN_UNINITIALIZED_AUTOS = YES;
				GCC_WARN_UNUSED_FUNCTION = YES;
				GCC_WARN_UNUSED_PARAMETER = NO;
				GCC_WARN_UNUSED_VALUE = NO;
				GCC_WARN_UNUSED_VARIABLE = NO;
				INSTALL_PATH = /usr/local/lib;
				IPHONEOS_DEPLOYMENT_TARGET = 8.0;
				OTHER_CFLAGS = "-DTI_POST_1_2";
				OTHER_LDFLAGS = "-ObjC";
				PRODUCT_NAME = TiGa;
				RUN_CLANG_STATIC_ANALYZER = NO;
				SDKROOT = iphoneos;
				USER_HEADER_SEARCH_PATHS = "";
			};
			name = Release;
		};
		24416B8211C4CA220047AFDD /* Debug */ = {
			isa = XCBuildConfiguration;
			baseConfigurationReference = 24DD6D1B1134B66800162E58 /* titanium.xcconfig */;
			buildSettings = {
				COPY_PHASE_STRIP = NO;
				GCC_DYNAMIC_NO_PIC = NO;
				GCC_OPTIMIZATION_LEVEL = 0;
				PRODUCT_NAME = "Build & test";
			};
			name = Debug;
		};
		24416B8311C4CA220047AFDD /* Release */ = {
			isa = XCBuildConfiguration;
			baseConfigurationReference = 24DD6D1B1134B66800162E58 /* titanium.xcconfig */;
			buildSettings = {
				COPY_PHASE_STRIP = YES;
				DEBUG_INFORMATION_FORMAT = "dwarf-with-dsym";
				GCC_ENABLE_FIX_AND_CONTINUE = NO;
				PRODUCT_NAME = "Build & test";
				ZERO_LINK = NO;
			};
			name = Release;
		};
/* End XCBuildConfiguration section */

/* Begin XCConfigurationList section */
		1DEB921E08733DC00010E9CD /* Build configuration list for PBXNativeTarget "TiGA" */ = {
			isa = XCConfigurationList;
			buildConfigurations = (
				1DEB921F08733DC00010E9CD /* Debug */,
				1DEB922008733DC00010E9CD /* Release */,
			);
			defaultConfigurationIsVisible = 0;
			defaultConfigurationName = Release;
		};
		1DEB922208733DC00010E9CD /* Build configuration list for PBXProject "TiGA" */ = {
			isa = XCConfigurationList;
			buildConfigurations = (
				1DEB922308733DC00010E9CD /* Debug */,
				1DEB922408733DC00010E9CD /* Release */,
			);
			defaultConfigurationIsVisible = 0;
			defaultConfigurationName = Release;
		};
		24416B8A11C4CA520047AFDD /* Build configuration list for PBXAggregateTarget "Build & Test" */ = {
			isa = XCConfigurationList;
			buildConfigurations = (
				24416B8211C4CA220047AFDD /* Debug */,
				24416B8311C4CA220047AFDD /* Release */,
			);
			defaultConfigurationIsVisible = 0;
			defaultConfigurationName = Release;
		};
/* End XCConfigurationList section */
	};
	rootObject = 0867D690FE84028FC02AAC07 /* Project object */;
}
